
Microsoft Visual Studio Solution File, Format Version 12.00
# Visual Studio Version 17
VisualStudioVersion = 17.9.34728.123
MinimumVisualStudioVersion = 10.0.40219.1
Project("{8BC9CEB8-8B4A-11D0-8D11-00A0C91BC942}") = "Chess-Example", "Chess-Example\Chess-Example.vcxproj", "{FEB3400B-383B-4C74-A858-217CCCF54F49}"
EndProject
Project("{2150E333-8FDC-42A3-9474-1A3956D46DE8}") = "Solution Items", "Solution Items", "{818C748F-82EC-414C-AF22-4F167DDC8BA0}"
EndProject
Global
	GlobalSection(SolutionConfigurationPlatforms) = preSolution
		Debug|x64 = Debug|x64
		Debug|x86 = Debug|x86
		Release|x64 = Release|x64
		Release|x86 = Release|x86
	EndGlobalSection
	GlobalSection(ProjectConfigurationPlatforms) = postSolution
		{FEB3400B-383B-4C74-A858-217CCCF54F49}.Debug|x64.ActiveCfg = Debug|x64
		{FEB3400B-383B-4C74-A858-217CCCF54F49}.Debug|x64.Build.0 = Debug|x64
		{FEB3400B-383B-4C74-A858-217CCCF54F49}.Debug|x86.ActiveCfg = Debug|Win32
		{FEB3400B-383B-4C74-A858-217CCCF54F49}.Debug|x86.Build.0 = Debug|Win32
		{FEB3400B-383B-4C74-A858-217CCCF54F49}.Release|x64.ActiveCfg = Release|x64
		{FEB3400B-383B-4C74-A858-217CCCF54F49}.Release|x64.Build.0 = Release|x64
		{FEB3400B-383B-4C74-A858-217CCCF54F49}.Release|x86.ActiveCfg = Release|Win32
		{FEB3400B-383B-4C74-A858-217CCCF54F49}.Release|x86.Build.0 = Release|Win32
	EndGlobalSection
	GlobalSection(SolutionProperties) = preSolution
		HideSolutionNode = FALSE
	EndGlobalSection
	GlobalSection(ExtensibilityGlobals) = postSolution
		SolutionGuid = {556FAACE-86F2-4FF8-9A75-59B59D471BEA}
	EndGlobalSection
EndGlobal
