<?xml version="1.0" encoding="utf-8"?>
<Project ToolsVersion="4.0" xmlns="http://schemas.microsoft.com/developer/msbuild/2003">
  <ItemGroup>
    <Filter Include="Source Files">
      <UniqueIdentifier>{4FC737F1-C7A5-4376-A066-2A32D752A2FF}</UniqueIdentifier>
      <Extensions>cpp;c;cc;cxx;c++;cppm;ixx;def;odl;idl;hpj;bat;asm;asmx</Extensions>
    </Filter>
    <Filter Include="Header Files">
      <UniqueIdentifier>{93995380-89BD-4b04-88EB-625FBE52EBFB}</UniqueIdentifier>
      <Extensions>h;hh;hpp;hxx;h++;hm;inl;inc;ipp;xsd</Extensions>
    </Filter>
    <Filter Include="Resource Files">
      <UniqueIdentifier>{67DA6AB6-F800-4c08-8B7A-83BB121AAD01}</UniqueIdentifier>
      <Extensions>rc;ico;cur;bmp;dlg;rc2;rct;bin;rgs;gif;jpg;jpeg;jpe;resx;tiff;tif;png;wav;mfcribbon-ms</Extensions>
    </Filter>
    <Filter Include="Header Files\Chessmans">
      <UniqueIdentifier>{06b0bbff-9040-4bd9-a44c-bf9267aa499d}</UniqueIdentifier>
    </Filter>
    <Filter Include="Source Files\Chessmans">
      <UniqueIdentifier>{612d6c94-a4b4-4d4e-ad71-76a8010fe351}</UniqueIdentifier>
    </Filter>
    <Filter Include="Header Files\Chessmans\Chessman-Behaviors">
      <UniqueIdentifier>{cc90d664-8051-4058-b5bd-19c97952b9a4}</UniqueIdentifier>
    </Filter>
    <Filter Include="Source Files\Chessmans\Chessman-Behaviors">
      <UniqueIdentifier>{d00dcca6-5a23-432b-ad4c-5e14a5554ad7}</UniqueIdentifier>
    </Filter>
    <Filter Include="Header Files\Field-Fillers">
      <UniqueIdentifier>{966f0e08-5695-4fd6-a1b7-f1a33409960d}</UniqueIdentifier>
    </Filter>
    <Filter Include="Source Files\Field-Fillers">
      <UniqueIdentifier>{8ed76928-9b3a-48cd-9787-b38d22cceb7b}</UniqueIdentifier>
    </Filter>
    <Filter Include="Header Files\Structs">
      <UniqueIdentifier>{a72d829b-4c6f-4e2d-8e3f-bc3eedab007b}</UniqueIdentifier>
    </Filter>
    <Filter Include="Header Files\Drawers">
      <UniqueIdentifier>{6708d7e5-6675-44b7-b7fe-891cd78c597d}</UniqueIdentifier>
    </Filter>
  </ItemGroup>
  <ItemGroup>
    <ClCompile Include="Chess-Example.cpp">
      <Filter>Source Files</Filter>
    </ClCompile>
    <ClCompile Include="Behaviors\BishopBehavior.cpp">
      <Filter>Source Files\Chessmans\Chessman-Behaviors</Filter>
    </ClCompile>
    <ClCompile Include="Behaviors\KingBehavior.cpp">
      <Filter>Source Files\Chessmans\Chessman-Behaviors</Filter>
    </ClCompile>
    <ClCompile Include="Behaviors\KnightBehavior.cpp">
      <Filter>Source Files\Chessmans\Chessman-Behaviors</Filter>
    </ClCompile>
    <ClCompile Include="Behaviors\PawnBehavior.cpp">
      <Filter>Source Files\Chessmans\Chessman-Behaviors</Filter>
    </ClCompile>
    <ClCompile Include="Behaviors\QueenBehavior.cpp">
      <Filter>Source Files\Chessmans\Chessman-Behaviors</Filter>
    </ClCompile>
    <ClCompile Include="Behaviors\RookBehavior.cpp">
      <Filter>Source Files\Chessmans\Chessman-Behaviors</Filter>
    </ClCompile>
    <ClCompile Include="ClassicFieldFiller.cpp">
      <Filter>Source Files\Field-Fillers</Filter>
    </ClCompile>
  </ItemGroup>
  <ItemGroup>
    <ClInclude Include="ClassicFieldFiller.h">
      <Filter>Header Files\Field-Fillers</Filter>
    </ClInclude>
    <ClInclude Include="Field-Module\FieldFiller.h">
      <Filter>Header Files\Field-Fillers</Filter>
    </ClInclude>
    <ClInclude Include="Field-Module\Cell.h">
      <Filter>Header Files</Filter>
    </ClInclude>
    <ClInclude Include="Field-Module\Field.h">
      <Filter>Header Files</Filter>
    </ClInclude>
    <ClInclude Include="ChessGameController.h">
      <Filter>Header Files</Filter>
    </ClInclude>
    <ClInclude Include="InputManager.h">
      <Filter>Header Files</Filter>
    </ClInclude>
    <ClInclude Include="SelectInfo.h">
      <Filter>Header Files</Filter>
    </ClInclude>
    <ClInclude Include="Field-Module\BehaviorContainer.h">
      <Filter>Header Files\Chessmans\Chessman-Behaviors</Filter>
    </ClInclude>
    <ClInclude Include="Behaviors\BishopBehavior.h">
      <Filter>Header Files\Chessmans\Chessman-Behaviors</Filter>
    </ClInclude>
    <ClInclude Include="Field-Module\IChessmanBehavior.h">
      <Filter>Header Files\Chessmans\Chessman-Behaviors</Filter>
    </ClInclude>
    <ClInclude Include="Behaviors\KingBehavior.h">
      <Filter>Header Files\Chessmans\Chessman-Behaviors</Filter>
    </ClInclude>
    <ClInclude Include="Behaviors\KnightBehavior.h">
      <Filter>Header Files\Chessmans\Chessman-Behaviors</Filter>
    </ClInclude>
    <ClInclude Include="Behaviors\PawnBehavior.h">
      <Filter>Header Files\Chessmans\Chessman-Behaviors</Filter>
    </ClInclude>
    <ClInclude Include="Behaviors\QueenBehavior.h">
      <Filter>Header Files\Chessmans\Chessman-Behaviors</Filter>
    </ClInclude>
    <ClInclude Include="Behaviors\RookBehavior.h">
      <Filter>Header Files\Chessmans\Chessman-Behaviors</Filter>
    </ClInclude>
    <ClInclude Include="ChassmansCharacters.h">
      <Filter>Header Files\Chessmans</Filter>
    </ClInclude>
    <ClInclude Include="Field-Module\Chessman.h">
      <Filter>Header Files\Chessmans</Filter>
    </ClInclude>
    <ClInclude Include="ChessmanType.h">
      <Filter>Header Files\Chessmans</Filter>
    </ClInclude>
    <ClInclude Include="CircularList.h">
      <Filter>Header Files\Structs</Filter>
    </ClInclude>
    <ClInclude Include="LineArray.h">
      <Filter>Header Files\Structs</Filter>
    </ClInclude>
    <ClInclude Include="FieldDrawer.h">
      <Filter>Header Files\Drawers</Filter>
    </ClInclude>
    <ClInclude Include="IDrawer.h">
      <Filter>Header Files\Drawers</Filter>
    </ClInclude>
    <ClInclude Include="IIterator.h">
      <Filter>Header Files\Structs</Filter>
    </ClInclude>
    <ClInclude Include="CellForConsole.h">
      <Filter>Header Files</Filter>
    </ClInclude>
    <ClInclude Include="ICell.h">
      <Filter>Header Files</Filter>
    </ClInclude>
    <ClInclude Include="ChessmanForConsole.h">
      <Filter>Header Files</Filter>
    </ClInclude>
  </ItemGroup>
</Project>